// !$*UTF8*$!
{
	archiveVersion = 1;
	classes = {
	};
	objectVersion = 46;
	objects = {

/* Begin PBXBuildFile section */
		49327AD11ABB118E00A2020D /* HAHNReminderViewController.m in Sources */ = {isa = PBXBuildFile; fileRef = 49327AD01ABB118E00A2020D /* HAHNReminderViewController.m */; };
		49C22AA31A9E109B00583926 /* main.m in Sources */ = {isa = PBXBuildFile; fileRef = 49C22AA21A9E109B00583926 /* main.m */; };
		49C22AA61A9E109B00583926 /* AppDelegate.m in Sources */ = {isa = PBXBuildFile; fileRef = 49C22AA51A9E109B00583926 /* AppDelegate.m */; };
		49C22AA91A9E109B00583926 /* ViewController.m in Sources */ = {isa = PBXBuildFile; fileRef = 49C22AA81A9E109B00583926 /* ViewController.m */; };
		49C22AAE1A9E109B00583926 /* Images.xcassets in Resources */ = {isa = PBXBuildFile; fileRef = 49C22AAD1A9E109B00583926 /* Images.xcassets */; };
		49C22ABD1A9E109B00583926 /* HypnoNerdTests.m in Sources */ = {isa = PBXBuildFile; fileRef = 49C22ABC1A9E109B00583926 /* HypnoNerdTests.m */; };
		49C22AC81A9E10FA00583926 /* HAHNHypnosisView.m in Sources */ = {isa = PBXBuildFile; fileRef = 49C22AC71A9E10FA00583926 /* HAHNHypnosisView.m */; };
		49C22ACB1A9E12CB00583926 /* HAHNHypnosisViewController.m in Sources */ = {isa = PBXBuildFile; fileRef = 49C22ACA1A9E12CB00583926 /* HAHNHypnosisViewController.m */; };
		49C33B761AB9BDDC004F8C8C /* HAHNReminderViewController.xib in Resources */ = {isa = PBXBuildFile; fileRef = 49C33B751AB9BDDC004F8C8C /* HAHNReminderViewController.xib */; };
/* End PBXBuildFile section */

/* Begin PBXContainerItemProxy section */
		49C22AB71A9E109B00583926 /* PBXContainerItemProxy */ = {
			isa = PBXContainerItemProxy;
			containerPortal = 49C22A951A9E109B00583926 /* Project object */;
			proxyType = 1;
			remoteGlobalIDString = 49C22A9C1A9E109B00583926;
			remoteInfo = HypnoNerd;
		};
/* End PBXContainerItemProxy section */

/* Begin PBXFileReference section */
		49327ACF1ABB118E00A2020D /* HAHNReminderViewController.h */ = {isa = PBXFileReference; fileEncoding = 4; lastKnownFileType = sourcecode.c.h; path = HAHNReminderViewController.h; sourceTree = "<group>"; };
		49327AD01ABB118E00A2020D /* HAHNReminderViewController.m */ = {isa = PBXFileReference; fileEncoding = 4; lastKnownFileType = sourcecode.c.objc; path = HAHNReminderViewController.m; sourceTree = "<group>"; };
		49C22A9D1A9E109B00583926 /* HypnoNerd.app */ = {isa = PBXFileReference; explicitFileType = wrapper.application; includeInIndex = 0; path = HypnoNerd.app; sourceTree = BUILT_PRODUCTS_DIR; };
		49C22AA11A9E109B00583926 /* Info.plist */ = {isa = PBXFileReference; lastKnownFileType = text.plist.xml; path = Info.plist; sourceTree = "<group>"; };
		49C22AA21A9E109B00583926 /* main.m */ = {isa = PBXFileReference; lastKnownFileType = sourcecode.c.objc; path = main.m; sourceTree = "<group>"; };
		49C22AA41A9E109B00583926 /* AppDelegate.h */ = {isa = PBXFileReference; lastKnownFileType = sourcecode.c.h; path = AppDelegate.h; sourceTree = "<group>"; };
		49C22AA51A9E109B00583926 /* AppDelegate.m */ = {isa = PBXFileReference; lastKnownFileType = sourcecode.c.objc; path = AppDelegate.m; sourceTree = "<group>"; };
		49C22AA71A9E109B00583926 /* ViewController.h */ = {isa = PBXFileReference; lastKnownFileType = sourcecode.c.h; path = ViewController.h; sourceTree = "<group>"; };
		49C22AA81A9E109B00583926 /* ViewController.m */ = {isa = PBXFileReference; lastKnownFileType = sourcecode.c.objc; path = ViewController.m; sourceTree = "<group>"; };
		49C22AAD1A9E109B00583926 /* Images.xcassets */ = {isa = PBXFileReference; lastKnownFileType = folder.assetcatalog; path = Images.xcassets; sourceTree = "<group>"; };
		49C22AB61A9E109B00583926 /* HypnoNerdTests.xctest */ = {isa = PBXFileReference; explicitFileType = wrapper.cfbundle; includeInIndex = 0; path = HypnoNerdTests.xctest; sourceTree = BUILT_PRODUCTS_DIR; };
		49C22ABB1A9E109B00583926 /* Info.plist */ = {isa = PBXFileReference; lastKnownFileType = text.plist.xml; path = Info.plist; sourceTree = "<group>"; };
		49C22ABC1A9E109B00583926 /* HypnoNerdTests.m */ = {isa = PBXFileReference; lastKnownFileType = sourcecode.c.objc; path = HypnoNerdTests.m; sourceTree = "<group>"; };
		49C22AC61A9E10FA00583926 /* HAHNHypnosisView.h */ = {isa = PBXFileReference; fileEncoding = 4; lastKnownFileType = sourcecode.c.h; path = HAHNHypnosisView.h; sourceTree = "<group>"; };
		49C22AC71A9E10FA00583926 /* HAHNHypnosisView.m */ = {isa = PBXFileReference; fileEncoding = 4; lastKnownFileType = sourcecode.c.objc; path = HAHNHypnosisView.m; sourceTree = "<group>"; };
		49C22AC91A9E12CB00583926 /* HAHNHypnosisViewController.h */ = {isa = PBXFileReference; fileEncoding = 4; lastKnownFileType = sourcecode.c.h; path = HAHNHypnosisViewController.h; sourceTree = "<group>"; };
		49C22ACA1A9E12CB00583926 /* HAHNHypnosisViewController.m */ = {isa = PBXFileReference; fileEncoding = 4; lastKnownFileType = sourcecode.c.objc; path = HAHNHypnosisViewController.m; sourceTree = "<group>"; };
		49C33B751AB9BDDC004F8C8C /* HAHNReminderViewController.xib */ = {isa = PBXFileReference; fileEncoding = 4; lastKnownFileType = file.xib; path = HAHNReminderViewController.xib; sourceTree = "<group>"; };
/* End PBXFileReference section */

/* Begin PBXFrameworksBuildPhase section */
		49C22A9A1A9E109B00583926 /* Frameworks */ = {
			isa = PBXFrameworksBuildPhase;
			buildActionMask = 2147483647;
			files = (
			);
			runOnlyForDeploymentPostprocessing = 0;
		};
		49C22AB31A9E109B00583926 /* Frameworks */ = {
			isa = PBXFrameworksBuildPhase;
			buildActionMask = 2147483647;
			files = (
			);
			runOnlyForDeploymentPostprocessing = 0;
		};
/* End PBXFrameworksBuildPhase section */

/* Begin PBXGroup section */
		49C22A941A9E109B00583926 = {
			isa = PBXGroup;
			children = (
				49C22A9F1A9E109B00583926 /* HypnoNerd */,
				49C22AB91A9E109B00583926 /* HypnoNerdTests */,
				49C22A9E1A9E109B00583926 /* Products */,
			);
			sourceTree = "<group>";
		};
		49C22A9E1A9E109B00583926 /* Products */ = {
			isa = PBXGroup;
			children = (
				49C22A9D1A9E109B00583926 /* HypnoNerd.app */,
				49C22AB61A9E109B00583926 /* HypnoNerdTests.xctest */,
			);
			name = Products;
			sourceTree = "<group>";
		};
		49C22A9F1A9E109B00583926 /* HypnoNerd */ = {
			isa = PBXGroup;
			children = (
				49C22AC61A9E10FA00583926 /* HAHNHypnosisView.h */,
				49C22AC71A9E10FA00583926 /* HAHNHypnosisView.m */,
				49C22AA41A9E109B00583926 /* AppDelegate.h */,
				49C22AA51A9E109B00583926 /* AppDelegate.m */,
				49C22AC91A9E12CB00583926 /* HAHNHypnosisViewController.h */,
				49C22ACA1A9E12CB00583926 /* HAHNHypnosisViewController.m */,
				49327ACF1ABB118E00A2020D /* HAHNReminderViewController.h */,
				49327AD01ABB118E00A2020D /* HAHNReminderViewController.m */,
				49C33B751AB9BDDC004F8C8C /* HAHNReminderViewController.xib */,
				49C22AA71A9E109B00583926 /* ViewController.h */,
				49C22AA81A9E109B00583926 /* ViewController.m */,
				49C22AAD1A9E109B00583926 /* Images.xcassets */,
				49C22AA01A9E109B00583926 /* Supporting Files */,
			);
			path = HypnoNerd;
			sourceTree = "<group>";
		};
		49C22AA01A9E109B00583926 /* Supporting Files */ = {
			isa = PBXGroup;
			children = (
				49C22AA11A9E109B00583926 /* Info.plist */,
				49C22AA21A9E109B00583926 /* main.m */,
			);
			name = "Supporting Files";
			sourceTree = "<group>";
		};
		49C22AB91A9E109B00583926 /* HypnoNerdTests */ = {
			isa = PBXGroup;
			children = (
				49C22ABC1A9E109B00583926 /* HypnoNerdTests.m */,
				49C22ABA1A9E109B00583926 /* Supporting Files */,
			);
			path = HypnoNerdTests;
			sourceTree = "<group>";
		};
		49C22ABA1A9E109B00583926 /* Supporting Files */ = {
			isa = PBXGroup;
			children = (
				49C22ABB1A9E109B00583926 /* Info.plist */,
			);
			name = "Supporting Files";
			sourceTree = "<group>";
		};
/* End PBXGroup section */

/* Begin PBXNativeTarget section */
		49C22A9C1A9E109B00583926 /* HypnoNerd */ = {
			isa = PBXNativeTarget;
			buildConfigurationList = 49C22AC01A9E109B00583926 /* Build configuration list for PBXNativeTarget "HypnoNerd" */;
			buildPhases = (
				49C22A991A9E109B00583926 /* Sources */,
				49C22A9A1A9E109B00583926 /* Frameworks */,
				49C22A9B1A9E109B00583926 /* Resources */,
			);
			buildRules = (
			);
			dependencies = (
			);
			name = HypnoNerd;
			productName = HypnoNerd;
			productReference = 49C22A9D1A9E109B00583926 /* HypnoNerd.app */;
			productType = "com.apple.product-type.application";
		};
		49C22AB51A9E109B00583926 /* HypnoNerdTests */ = {
			isa = PBXNativeTarget;
			buildConfigurationList = 49C22AC31A9E109B00583926 /* Build configuration list for PBXNativeTarget "HypnoNerdTests" */;
			buildPhases = (
				49C22AB21A9E109B00583926 /* Sources */,
				49C22AB31A9E109B00583926 /* Frameworks */,
				49C22AB41A9E109B00583926 /* Resources */,
			);
			buildRules = (
			);
			dependencies = (
				49C22AB81A9E109B00583926 /* PBXTargetDependency */,
			);
			name = HypnoNerdTests;
			productName = HypnoNerdTests;
			productReference = 49C22AB61A9E109B00583926 /* HypnoNerdTests.xctest */;
			productType = "com.apple.product-type.bundle.unit-test";
		};
/* End PBXNativeTarget section */

/* Begin PBXProject section */
		49C22A951A9E109B00583926 /* Project object */ = {
			isa = PBXProject;
			attributes = {
				LastUpgradeCheck = 0610;
				ORGANIZATIONNAME = "Andrew Hahn";
				TargetAttributes = {
					49C22A9C1A9E109B00583926 = {
						CreatedOnToolsVersion = 6.1.1;
					};
					49C22AB51A9E109B00583926 = {
						CreatedOnToolsVersion = 6.1.1;
						TestTargetID = 49C22A9C1A9E109B00583926;
					};
				};
			};
			buildConfigurationList = 49C22A981A9E109B00583926 /* Build configuration list for PBXProject "HypnoNerd" */;
			compatibilityVersion = "Xcode 3.2";
			developmentRegion = English;
			hasScannedForEncodings = 0;
			knownRegions = (
				en,
				Base,
			);
			mainGroup = 49C22A941A9E109B00583926;
			productRefGroup = 49C22A9E1A9E109B00583926 /* Products */;
			projectDirPath = "";
			projectRoot = "";
			targets = (
				49C22A9C1A9E109B00583926 /* HypnoNerd */,
				49C22AB51A9E109B00583926 /* HypnoNerdTests */,
			);
		};
/* End PBXProject section */

/* Begin PBXResourcesBuildPhase section */
		49C22A9B1A9E109B00583926 /* Resources */ = {
			isa = PBXResourcesBuildPhase;
			buildActionMask = 2147483647;
			files = (
				49C22AAE1A9E109B00583926 /* Images.xcassets in Resources */,
				49C33B761AB9BDDC004F8C8C /* HAHNReminderViewController.xib in Resources */,
			);
			runOnlyForDeploymentPostprocessing = 0;
		};
		49C22AB41A9E109B00583926 /* Resources */ = {
			isa = PBXResourcesBuildPhase;
			buildActionMask = 2147483647;
			files = (
			);
			runOnlyForDeploymentPostprocessing = 0;
		};
/* End PBXResourcesBuildPhase section */

/* Begin PBXSourcesBuildPhase section */
		49C22A991A9E109B00583926 /* Sources */ = {
			isa = PBXSourcesBuildPhase;
			buildActionMask = 2147483647;
			files = (
				49C22AC81A9E10FA00583926 /* HAHNHypnosisView.m in Sources */,
				49C22ACB1A9E12CB00583926 /* HAHNHypnosisViewController.m in Sources */,
				49327AD11ABB118E00A2020D /* HAHNReminderViewController.m in Sources */,
				49C22AA91A9E109B00583926 /* ViewController.m in Sources */,
				49C22AA61A9E109B00583926 /* AppDelegate.m in Sources */,
				49C22AA31A9E109B00583926 /* main.m in Sources */,
			);
			runOnlyForDeploymentPostprocessing = 0;
		};
		49C22AB21A9E109B00583926 /* Sources */ = {
			isa = PBXSourcesBuildPhase;
			buildActionMask = 2147483647;
			files = (
				49C22ABD1A9E109B00583926 /* HypnoNerdTests.m in Sources */,
			);
			runOnlyForDeploymentPostprocessing = 0;
		};
/* End PBXSourcesBuildPhase section */

/* Begin PBXTargetDependency section */
		49C22AB81A9E109B00583926 /* PBXTargetDependency */ = {
			isa = PBXTargetDependency;
			target = 49C22A9C1A9E109B00583926 /* HypnoNerd */;
			targetProxy = 49C22AB71A9E109B00583926 /* PBXContainerItemProxy */;
		};
/* End PBXTargetDependency section */

/* Begin XCBuildConfiguration section */
		49C22ABE1A9E109B00583926 /* Debug */ = {
			isa = XCBuildConfiguration;
			buildSettings = {
				ALWAYS_SEARCH_USER_PATHS = NO;
				CLANG_CXX_LANGUAGE_STANDARD = "gnu++0x";
				CLANG_CXX_LIBRARY = "libc++";
				CLANG_ENABLE_MODULES = YES;
				CLANG_ENABLE_OBJC_ARC = YES;
				CLANG_WARN_BOOL_CONVERSION = YES;
				CLANG_WARN_CONSTANT_CONVERSION = YES;
				CLANG_WARN_DIRECT_OBJC_ISA_USAGE = YES_ERROR;
				CLANG_WARN_EMPTY_BODY = YES;
				CLANG_WARN_ENUM_CONVERSION = YES;
				CLANG_WARN_INT_CONVERSION = YES;
				CLANG_WARN_OBJC_ROOT_CLASS = YES_ERROR;
				CLANG_WARN_UNREACHABLE_CODE = YES;
				CLANG_WARN__DUPLICATE_METHOD_MATCH = YES;
				"CODE_SIGN_IDENTITY[sdk=iphoneos*]" = "iPhone Developer";
				COPY_PHASE_STRIP = NO;
				ENABLE_STRICT_OBJC_MSGSEND = YES;
				GCC_C_LANGUAGE_STANDARD = gnu99;
				GCC_DYNAMIC_NO_PIC = NO;
				GCC_OPTIMIZATION_LEVEL = 0;
				GCC_PREPROCESSOR_DEFINITIONS = (
					"DEBUG=1",
					"$(inherited)",
				);
				GCC_SYMBOLS_PRIVATE_EXTERN = NO;
				GCC_WARN_64_TO_32_BIT_CONVERSION = YES;
				GCC_WARN_ABOUT_RETURN_TYPE = YES_ERROR;
				GCC_WARN_UNDECLARED_SELECTOR = YES;
				GCC_WARN_UNINITIALIZED_AUTOS = YES_AGGRESSIVE;
				GCC_WARN_UNUSED_FUNCTION = YES;
				GCC_WARN_UNUSED_VARIABLE = YES;
				IPHONEOS_DEPLOYMENT_TARGET = 8.1;
				MTL_ENABLE_DEBUG_INFO = YES;
				ONLY_ACTIVE_ARCH = YES;
				SDKROOT = iphoneos;
			};
			name = Debug;
		};
		49C22ABF1A9E109B00583926 /* Release */ = {
			isa = XCBuildConfiguration;
			buildSettings = {
				ALWAYS_SEARCH_USER_PATHS = NO;
				CLANG_CXX_LANGUAGE_STANDARD = "gnu++0x";
				CLANG_CXX_LIBRARY = "libc++";
				CLANG_ENABLE_MODULES = YES;
				CLANG_ENABLE_OBJC_ARC = YES;
				CLANG_WARN_BOOL_CONVERSION = YES;
				CLANG_WARN_CONSTANT_CONVERSION = YES;
				CLANG_WARN_DIRECT_OBJC_ISA_USAGE = YES_ERROR;
				CLANG_WARN_EMPTY_BODY = YES;
				CLANG_WARN_ENUM_CONVERSION = YES;
				CLANG_WARN_INT_CONVERSION = YES;
				CLANG_WARN_OBJC_ROOT_CLASS = YES_ERROR;
				CLANG_WARN_UNREACHABLE_CODE = YES;
				CLANG_WARN__DUPLICATE_METHOD_MATCH = YES;
				"CODE_SIGN_IDENTITY[sdk=iphoneos*]" = "iPhone Developer";
				COPY_PHASE_STRIP = YES;
				ENABLE_NS_ASSERTIONS = NO;
				ENABLE_STRICT_OBJC_MSGSEND = YES;
				GCC_C_LANGUAGE_STANDARD = gnu99;
				GCC_WARN_64_TO_32_BIT_CONVERSION = YES;
				GCC_WARN_ABOUT_RETURN_TYPE = YES_ERROR;
				GCC_WARN_UNDECLARED_SELECTOR = YES;
				GCC_WARN_UNINITIALIZED_AUTOS = YES_AGGRESSIVE;
				GCC_WARN_UNUSED_FUNCTION = YES;
				GCC_WARN_UNUSED_VARIABLE = YES;
				IPHONEOS_DEPLOYMENT_TARGET = 8.1;
				MTL_ENABLE_DEBUG_INFO = NO;
				SDKROOT = iphoneos;
				VALIDATE_PRODUCT = YES;
			};
			name = Release;
		};
		49C22AC11A9E109B00583926 /* Debug */ = {
			isa = XCBuildConfiguration;
			buildSettings = {
				ASSETCATALOG_COMPILER_APPICON_NAME = AppIcon;
				INFOPLIST_FILE = HypnoNerd/Info.plist;
				LD_RUNPATH_SEARCH_PATHS = "$(inherited) @executable_path/Frameworks";
				PRODUCT_NAME = "$(TARGET_NAME)";
				TARGETED_DEVICE_FAMILY = 1;
			};
			name = Debug;
		};
		49C22AC21A9E109B00583926 /* Release */ = {
			isa = XCBuildConfiguration;
			buildSettings = {
				ASSETCATALOG_COMPILER_APPICON_NAME = AppIcon;
				INFOPLIST_FILE = HypnoNerd/Info.plist;
				LD_RUNPATH_SEARCH_PATHS = "$(inherited) @executable_path/Frameworks";
				PRODUCT_NAME = "$(TARGET_NAME)";
				TARGETED_DEVICE_FAMILY = 1;
			};
			name = Release;
		};
		49C22AC41A9E109B00583926 /* Debug */ = {
			isa = XCBuildConfiguration;
			buildSettings = {
				BUNDLE_LOADER = "$(TEST_HOST)";
				FRAMEWORK_SEARCH_PATHS = (
					"$(SDKROOT)/Developer/Library/Frameworks",
					"$(inherited)",
				);
				GCC_PREPROCESSOR_DEFINITIONS = (
					"DEBUG=1",
					"$(inherited)",
				);
				INFOPLIST_FILE = HypnoNerdTests/Info.plist;
				LD_RUNPATH_SEARCH_PATHS = "$(inherited) @executable_path/Frameworks @loader_path/Frameworks";
				PRODUCT_NAME = "$(TARGET_NAME)";
				TEST_HOST = "$(BUILT_PRODUCTS_DIR)/HypnoNerd.app/HypnoNerd";
			};
			name = Debug;
		};
		49C22AC51A9E109B00583926 /* Release */ = {
			isa = XCBuildConfiguration;
			buildSettings = {
				BUNDLE_LOADER = "$(TEST_HOST)";
				FRAMEWORK_SEARCH_PATHS = (
					"$(SDKROOT)/Developer/Library/Frameworks",
					"$(inherited)",
				);
				INFOPLIST_FILE = HypnoNerdTests/Info.plist;
				LD_RUNPATH_SEARCH_PATHS = "$(inherited) @executable_path/Frameworks @loader_path/Frameworks";
				PRODUCT_NAME = "$(TARGET_NAME)";
				TEST_HOST = "$(BUILT_PRODUCTS_DIR)/HypnoNerd.app/HypnoNerd";
			};
			name = Release;
		};
/* End XCBuildConfiguration section */

/* Begin XCConfigurationList section */
		49C22A981A9E109B00583926 /* Build configuration list for PBXProject "HypnoNerd" */ = {
			isa = XCConfigurationList;
			buildConfigurations = (
				49C22ABE1A9E109B00583926 /* Debug */,
				49C22ABF1A9E109B00583926 /* Release */,
			);
			defaultConfigurationIsVisible = 0;
			defaultConfigurationName = Release;
		};
		49C22AC01A9E109B00583926 /* Build configuration list for PBXNativeTarget "HypnoNerd" */ = {
			isa = XCConfigurationList;
			buildConfigurations = (
				49C22AC11A9E109B00583926 /* Debug */,
				49C22AC21A9E109B00583926 /* Release */,
			);
			defaultConfigurationIsVisible = 0;
			defaultConfigurationName = Release;
		};
		49C22AC31A9E109B00583926 /* Build configuration list for PBXNativeTarget "HypnoNerdTests" */ = {
			isa = XCConfigurationList;
			buildConfigurations = (
				49C22AC41A9E109B00583926 /* Debug */,
				49C22AC51A9E109B00583926 /* Release */,
			);
			defaultConfigurationIsVisible = 0;
			defaultConfigurationName = Release;
		};
/* End XCConfigurationList section */
	};
	rootObject = 49C22A951A9E109B00583926 /* Project object */;
}
